// !$*UTF8*$!
{
	archiveVersion = 1;
	classes = {
	};
	objectVersion = 48;
	objects = {

/* Begin PBXBuildFile section */
		7D3ECFE71F857E8200695373 /* Calculator Brain.swift in Sources */ = {isa = PBXBuildFile; fileRef = 7D3ECFE61F857E8200695373 /* Calculator Brain.swift */; };
		7D4F01001F83FEA900A8E8DC /* AppDelegate.swift in Sources */ = {isa = PBXBuildFile; fileRef = 7D4F00FF1F83FEA900A8E8DC /* AppDelegate.swift */; };
		7D4F01021F83FEA900A8E8DC /* ViewController.swift in Sources */ = {isa = PBXBuildFile; fileRef = 7D4F01011F83FEA900A8E8DC /* ViewController.swift */; };
		7D4F01051F83FEA900A8E8DC /* Main.storyboard in Resources */ = {isa = PBXBuildFile; fileRef = 7D4F01031F83FEA900A8E8DC /* Main.storyboard */; };
		7D4F01071F83FEA900A8E8DC /* Assets.xcassets in Resources */ = {isa = PBXBuildFile; fileRef = 7D4F01061F83FEA900A8E8DC /* Assets.xcassets */; };
		7D4F010A1F83FEA900A8E8DC /* LaunchScreen.storyboard in Resources */ = {isa = PBXBuildFile; fileRef = 7D4F01081F83FEA900A8E8DC /* LaunchScreen.storyboard */; };
		7D4F01131F8401C000A8E8DC /* Default-568h@2x.png in Resources */ = {isa = PBXBuildFile; fileRef = 7D4F01121F8401C000A8E8DC /* Default-568h@2x.png */; };
/* End PBXBuildFile section */

/* Begin PBXFileReference section */
		7D3ECFE61F857E8200695373 /* Calculator Brain.swift */ = {isa = PBXFileReference; lastKnownFileType = sourcecode.swift; path = "Calculator Brain.swift"; sourceTree = "<group>"; };
		7D4F00FC1F83FEA900A8E8DC /* CalculatorDemo.app */ = {isa = PBXFileReference; explicitFileType = wrapper.application; includeInIndex = 0; path = CalculatorDemo.app; sourceTree = BUILT_PRODUCTS_DIR; };
		7D4F00FF1F83FEA900A8E8DC /* AppDelegate.swift */ = {isa = PBXFileReference; lastKnownFileType = sourcecode.swift; path = AppDelegate.swift; sourceTree = "<group>"; };
		7D4F01011F83FEA900A8E8DC /* ViewController.swift */ = {isa = PBXFileReference; lastKnownFileType = sourcecode.swift; path = ViewController.swift; sourceTree = "<group>"; };
		7D4F01041F83FEA900A8E8DC /* Base */ = {isa = PBXFileReference; lastKnownFileType = file.storyboard; name = Base; path = Base.lproj/Main.storyboard; sourceTree = "<group>"; };
		7D4F01061F83FEA900A8E8DC /* Assets.xcassets */ = {isa = PBXFileReference; lastKnownFileType = folder.assetcatalog; path = Assets.xcassets; sourceTree = "<group>"; };
		7D4F01091F83FEA900A8E8DC /* Base */ = {isa = PBXFileReference; lastKnownFileType = file.storyboard; name = Base; path = Base.lproj/LaunchScreen.storyboard; sourceTree = "<group>"; };
		7D4F010B1F83FEA900A8E8DC /* Info.plist */ = {isa = PBXFileReference; lastKnownFileType = text.plist.xml; path = Info.plist; sourceTree = "<group>"; };
		7D4F01121F8401C000A8E8DC /* Default-568h@2x.png */ = {isa = PBXFileReference; lastKnownFileType = image.png; path = "Default-568h@2x.png"; sourceTree = "<group>"; };
/* End PBXFileReference section */

/* Begin PBXFrameworksBuildPhase section */
		7D4F00F91F83FEA800A8E8DC /* Frameworks */ = {
			isa = PBXFrameworksBuildPhase;
			buildActionMask = 2147483647;
			files = (
			);
			runOnlyForDeploymentPostprocessing = 0;
		};
/* End PBXFrameworksBuildPhase section */

/* Begin PBXGroup section */
		7D4F00F31F83FEA800A8E8DC = {
			isa = PBXGroup;
			children = (
				7D4F01121F8401C000A8E8DC /* Default-568h@2x.png */,
				7D4F00FE1F83FEA900A8E8DC /* CalculatorDemo */,
				7D4F00FD1F83FEA900A8E8DC /* Products */,
			);
			sourceTree = "<group>";
		};
		7D4F00FD1F83FEA900A8E8DC /* Products */ = {
			isa = PBXGroup;
			children = (
				7D4F00FC1F83FEA900A8E8DC /* CalculatorDemo.app */,
			);
			name = Products;
			sourceTree = "<group>";
		};
		7D4F00FE1F83FEA900A8E8DC /* CalculatorDemo */ = {
			isa = PBXGroup;
			children = (
				7D4F01011F83FEA900A8E8DC /* ViewController.swift */,
				7D3ECFE61F857E8200695373 /* Calculator Brain.swift */,
				7D4F01031F83FEA900A8E8DC /* Main.storyboard */,
				7D4F01111F83FF4300A8E8DC /* Supporting Files */,
			);
			path = CalculatorDemo;
			sourceTree = "<group>";
		};
		7D4F01111F83FF4300A8E8DC /* Supporting Files */ = {
			isa = PBXGroup;
			children = (
				7D4F00FF1F83FEA900A8E8DC /* AppDelegate.swift */,
				7D4F01061F83FEA900A8E8DC /* Assets.xcassets */,
				7D4F01081F83FEA900A8E8DC /* LaunchScreen.storyboard */,
				7D4F010B1F83FEA900A8E8DC /* Info.plist */,
			);
			path = "Supporting Files";
			sourceTree = "<group>";
		};
/* End PBXGroup section */

/* Begin PBXNativeTarget section */
		7D4F00FB1F83FEA800A8E8DC /* CalculatorDemo */ = {
			isa = PBXNativeTarget;
			buildConfigurationList = 7D4F010E1F83FEA900A8E8DC /* Build configuration list for PBXNativeTarget "CalculatorDemo" */;
			buildPhases = (
				7D4F00F81F83FEA800A8E8DC /* Sources */,
				7D4F00F91F83FEA800A8E8DC /* Frameworks */,
				7D4F00FA1F83FEA800A8E8DC /* Resources */,
			);
			buildRules = (
			);
			dependencies = (
			);
			name = CalculatorDemo;
			productName = "Lecture 1 Calculator";
			productReference = 7D4F00FC1F83FEA900A8E8DC /* CalculatorDemo.app */;
			productType = "com.apple.product-type.application";
		};
/* End PBXNativeTarget section */

/* Begin PBXProject section */
		7D4F00F41F83FEA800A8E8DC /* Project object */ = {
			isa = PBXProject;
			attributes = {
				LastSwiftUpdateCheck = 0900;
				LastUpgradeCheck = 0900;
				ORGANIZATIONNAME = "Jason Schisler";
				TargetAttributes = {
					7D4F00FB1F83FEA800A8E8DC = {
						CreatedOnToolsVersion = 9.0;
						ProvisioningStyle = Automatic;
					};
				};
			};
			buildConfigurationList = 7D4F00F71F83FEA800A8E8DC /* Build configuration list for PBXProject "CalculatorDemo" */;
			compatibilityVersion = "Xcode 8.0";
			developmentRegion = en;
			hasScannedForEncodings = 0;
			knownRegions = (
				en,
				Base,
			);
			mainGroup = 7D4F00F31F83FEA800A8E8DC;
			productRefGroup = 7D4F00FD1F83FEA900A8E8DC /* Products */;
			projectDirPath = "";
			projectRoot = "";
			targets = (
				7D4F00FB1F83FEA800A8E8DC /* CalculatorDemo */,
			);
		};
/* End PBXProject section */

/* Begin PBXResourcesBuildPhase section */
		7D4F00FA1F83FEA800A8E8DC /* Resources */ = {
			isa = PBXResourcesBuildPhase;
			buildActionMask = 2147483647;
			files = (
				7D4F010A1F83FEA900A8E8DC /* LaunchScreen.storyboard in Resources */,
				7D4F01131F8401C000A8E8DC /* Default-568h@2x.png in Resources */,
				7D4F01071F83FEA900A8E8DC /* Assets.xcassets in Resources */,
				7D4F01051F83FEA900A8E8DC /* Main.storyboard in Resources */,
			);
			runOnlyForDeploymentPostprocessing = 0;
		};
/* End PBXResourcesBuildPhase section */

/* Begin PBXSourcesBuildPhase section */
		7D4F00F81F83FEA800A8E8DC /* Sources */ = {
			isa = PBXSourcesBuildPhase;
			buildActionMask = 2147483647;
			files = (
				7D4F01021F83FEA900A8E8DC /* ViewController.swift in Sources */,
				7D4F01001F83FEA900A8E8DC /* AppDelegate.swift in Sources */,
				7D3ECFE71F857E8200695373 /* Calculator Brain.swift in Sources */,
			);
			runOnlyForDeploymentPostprocessing = 0;
		};
/* End PBXSourcesBuildPhase section */

/* Begin PBXVariantGroup section */
		7D4F01031F83FEA900A8E8DC /* Main.storyboard */ = {
			isa = PBXVariantGroup;
			children = (
				7D4F01041F83FEA900A8E8DC /* Base */,
			);
			name = Main.storyboard;
			sourceTree = "<group>";
		};
		7D4F01081F83FEA900A8E8DC /* LaunchScreen.storyboard */ = {
			isa = PBXVariantGroup;
			children = (
				7D4F01091F83FEA900A8E8DC /* Base */,
			);
			name = LaunchScreen.storyboard;
			sourceTree = "<group>";
		};
/* End PBXVariantGroup section */

/* Begin XCBuildConfiguration section */
		7D4F010C1F83FEA900A8E8DC /* Debug */ = {
			isa = XCBuildConfiguration;
			buildSettings = {
				ALWAYS_SEARCH_USER_PATHS = NO;
				CLANG_ANALYZER_NONNULL = YES;
				CLANG_ANALYZER_NUMBER_OBJECT_CONVERSION = YES_AGGRESSIVE;
				CLANG_CXX_LANGUAGE_STANDARD = "gnu++14";
				CLANG_CXX_LIBRARY = "libc++";
				CLANG_ENABLE_MODULES = YES;
				CLANG_ENABLE_OBJC_ARC = YES;
				CLANG_WARN_BLOCK_CAPTURE_AUTORELEASING = YES;
				CLANG_WARN_BOOL_CONVERSION = YES;
				CLANG_WARN_COMMA = YES;
				CLANG_WARN_CONSTANT_CONVERSION = YES;
				CLANG_WARN_DIRECT_OBJC_ISA_USAGE = YES_ERROR;
				CLANG_WARN_DOCUMENTATION_COMMENTS = YES;
				CLANG_WARN_EMPTY_BODY = YES;
				CLANG_WARN_ENUM_CONVERSION = YES;
				CLANG_WARN_INFINITE_RECURSION = YES;
				CLANG_WARN_INT_CONVERSION = YES;
				CLANG_WARN_NON_LITERAL_NULL_CONVERSION = YES;
				CLANG_WARN_OBJC_LITERAL_CONVERSION = YES;
				CLANG_WARN_OBJC_ROOT_CLASS = YES_ERROR;
				CLANG_WARN_RANGE_LOOP_ANALYSIS = YES;
				CLANG_WARN_STRICT_PROTOTYPES = YES;
				CLANG_WARN_SUSPICIOUS_MOVE = YES;
				CLANG_WARN_UNGUARDED_AVAILABILITY = YES_AGGRESSIVE;
				CLANG_WARN_UNREACHABLE_CODE = YES;
				CLANG_WARN__DUPLICATE_METHOD_MATCH = YES;
				CODE_SIGN_IDENTITY = "iPhone Developer";
				COPY_PHASE_STRIP = NO;
				DEBUG_INFORMATION_FORMAT = dwarf;
				ENABLE_STRICT_OBJC_MSGSEND = YES;
				ENABLE_TESTABILITY = YES;
				GCC_C_LANGUAGE_STANDARD = gnu11;
				GCC_DYNAMIC_NO_PIC = NO;
				GCC_NO_COMMON_BLOCKS = YES;
				GCC_OPTIMIZATION_LEVEL = 0;
				GCC_PREPROCESSOR_DEFINITIONS = (
					"DEBUG=1",
					"$(inherited)",
				);
				GCC_WARN_64_TO_32_BIT_CONVERSION = YES;
				GCC_WARN_ABOUT_RETURN_TYPE = YES_ERROR;
				GCC_WARN_UNDECLARED_SELECTOR = YES;
				GCC_WARN_UNINITIALIZED_AUTOS = YES_AGGRESSIVE;
				GCC_WARN_UNUSED_FUNCTION = YES;
				GCC_WARN_UNUSED_VARIABLE = YES;
				IPHONEOS_DEPLOYMENT_TARGET = 11.0;
				MTL_ENABLE_DEBUG_INFO = YES;
				ONLY_ACTIVE_ARCH = YES;
				SDKROOT = iphoneos;
				SWIFT_ACTIVE_COMPILATION_CONDITIONS = DEBUG;
				SWIFT_OPTIMIZATION_LEVEL = "-Onone";
			};
			name = Debug;
		};
		7D4F010D1F83FEA900A8E8DC /* Release */ = {
			isa = XCBuildConfiguration;
			buildSettings = {
				ALWAYS_SEARCH_USER_PATHS = NO;
				CLANG_ANALYZER_NONNULL = YES;
				CLANG_ANALYZER_NUMBER_OBJECT_CONVERSION = YES_AGGRESSIVE;
				CLANG_CXX_LANGUAGE_STANDARD = "gnu++14";
				CLANG_CXX_LIBRARY = "libc++";
				CLANG_ENABLE_MODULES = YES;
				CLANG_ENABLE_OBJC_ARC = YES;
				CLANG_WARN_BLOCK_CAPTURE_AUTORELEASING = YES;
				CLANG_WARN_BOOL_CONVERSION = YES;
				CLANG_WARN_COMMA = YES;
				CLANG_WARN_CONSTANT_CONVERSION = YES;
				CLANG_WARN_DIRECT_OBJC_ISA_USAGE = YES_ERROR;
				CLANG_WARN_DOCUMENTATION_COMMENTS = YES;
				CLANG_WARN_EMPTY_BODY = YES;
				CLANG_WARN_ENUM_CONVERSION = YES;
				CLANG_WARN_INFINITE_RECURSION = YES;
				CLANG_WARN_INT_CONVERSION = YES;
				CLANG_WARN_NON_LITERAL_NULL_CONVERSION = YES;
				CLANG_WARN_OBJC_LITERAL_CONVERSION = YES;
				CLANG_WARN_OBJC_ROOT_CLASS = YES_ERROR;
				CLANG_WARN_RANGE_LOOP_ANALYSIS = YES;
				CLANG_WARN_STRICT_PROTOTYPES = YES;
				CLANG_WARN_SUSPICIOUS_MOVE = YES;
				CLANG_WARN_UNGUARDED_AVAILABILITY = YES_AGGRESSIVE;
				CLANG_WARN_UNREACHABLE_CODE = YES;
				CLANG_WARN__DUPLICATE_METHOD_MATCH = YES;
				CODE_SIGN_IDENTITY = "iPhone Developer";
				COPY_PHASE_STRIP = NO;
				DEBUG_INFORMATION_FORMAT = "dwarf-with-dsym";
				ENABLE_NS_ASSERTIONS = NO;
				ENABLE_STRICT_OBJC_MSGSEND = YES;
				GCC_C_LANGUAGE_STANDARD = gnu11;
				GCC_NO_COMMON_BLOCKS = YES;
				GCC_WARN_64_TO_32_BIT_CONVERSION = YES;
				GCC_WARN_ABOUT_RETURN_TYPE = YES_ERROR;
				GCC_WARN_UNDECLARED_SELECTOR = YES;
				GCC_WARN_UNINITIALIZED_AUTOS = YES_AGGRESSIVE;
				GCC_WARN_UNUSED_FUNCTION = YES;
				GCC_WARN_UNUSED_VARIABLE = YES;
				IPHONEOS_DEPLOYMENT_TARGET = 11.0;
				MTL_ENABLE_DEBUG_INFO = NO;
				SDKROOT = iphoneos;
				SWIFT_OPTIMIZATION_LEVEL = "-Owholemodule";
				VALIDATE_PRODUCT = YES;
			};
			name = Release;
		};
		7D4F010F1F83FEA900A8E8DC /* Debug */ = {
			isa = XCBuildConfiguration;
			buildSettings = {
				ASSETCATALOG_COMPILER_APPICON_NAME = AppIcon;
				CODE_SIGN_STYLE = Automatic;
				DEVELOPMENT_TEAM = HPHQT8VPHG;
				INFOPLIST_FILE = "$(SRCROOT)/Lecture 1 Calculator/Supporting Files/Info.plist";
				LD_RUNPATH_SEARCH_PATHS = "$(inherited) @executable_path/Frameworks";
				PRODUCT_BUNDLE_IDENTIFIER = schisler.jason.appDev.CalculatorDemo;
				PRODUCT_NAME = "$(TARGET_NAME)";
				SWIFT_VERSION = 4.0;
				TARGETED_DEVICE_FAMILY = "1,2";
			};
			name = Debug;
		};
		7D4F01101F83FEA900A8E8DC /* Release */ = {
			isa = XCBuildConfiguration;
			buildSettings = {
				ASSETCATALOG_COMPILER_APPICON_NAME = AppIcon;
				CODE_SIGN_STYLE = Automatic;
				DEVELOPMENT_TEAM = HPHQT8VPHG;
				INFOPLIST_FILE = "$(SRCROOT)/Lecture 1 Calculator/Supporting Files/Info.plist";
				LD_RUNPATH_SEARCH_PATHS = "$(inherited) @executable_path/Frameworks";
				PRODUCT_BUNDLE_IDENTIFIER = schisler.jason.appDev.CalculatorDemo;
				PRODUCT_NAME = "$(TARGET_NAME)";
				SWIFT_VERSION = 4.0;
				TARGETED_DEVICE_FAMILY = "1,2";
			};
			name = Release;
		};
/* End XCBuildConfiguration section */

/* Begin XCConfigurationList section */
		7D4F00F71F83FEA800A8E8DC /* Build configuration list for PBXProject "CalculatorDemo" */ = {
			isa = XCConfigurationList;
			buildConfigurations = (
				7D4F010C1F83FEA900A8E8DC /* Debug */,
				7D4F010D1F83FEA900A8E8DC /* Release */,
			);
			defaultConfigurationIsVisible = 0;
			defaultConfigurationName = Release;
		};
		7D4F010E1F83FEA900A8E8DC /* Build configuration list for PBXNativeTarget "CalculatorDemo" */ = {
			isa = XCConfigurationList;
			buildConfigurations = (
				7D4F010F1F83FEA900A8E8DC /* Debug */,
				7D4F01101F83FEA900A8E8DC /* Release */,
			);
			defaultConfigurationIsVisible = 0;
			defaultConfigurationName = Release;
		};
/* End XCConfigurationList section */
	};
	rootObject = 7D4F00F41F83FEA800A8E8DC /* Project object */;
}
